
Microsoft Visual Studio Solution File, Format Version 12.00
# Visual Studio 14
VisualStudioVersion = 14.0.25420.1
MinimumVisualStudioVersion = 10.0.40219.1
Project("{FAE04EC0-301F-11D3-BF4B-00C04F79EFBC}") = "Tidsplan", "Tidsplan\Tidsplan.csproj", "{9BF9ABC2-6595-44AF-AF6F-E1D5160DFF81}"
EndProject
Project("{FAE04EC0-301F-11D3-BF4B-00C04F79EFBC}") = "Tidsplan.Tests", "Tidsplan.Tests\Tidsplan.Tests.csproj", "{F823D67F-BE9D-4A8F-9C64-844D5A819996}"
EndProject
Global
	GlobalSection(SolutionConfigurationPlatforms) = preSolution
		Debug|Any CPU = Debug|Any CPU
		Release|Any CPU = Release|Any CPU
	EndGlobalSection
	GlobalSection(ProjectConfigurationPlatforms) = postSolution
		{9BF9ABC2-6595-44AF-AF6F-E1D5160DFF81}.Debug|Any CPU.ActiveCfg = Debug|Any CPU
		{9BF9ABC2-6595-44AF-AF6F-E1D5160DFF81}.Debug|Any CPU.Build.0 = Debug|Any CPU
		{9BF9ABC2-6595-44AF-AF6F-E1D5160DFF81}.Release|Any CPU.ActiveCfg = Release|Any CPU
		{9BF9ABC2-6595-44AF-AF6F-E1D5160DFF81}.Release|Any CPU.Build.0 = Release|Any CPU
		{F823D67F-BE9D-4A8F-9C64-844D5A819996}.Debug|Any CPU.ActiveCfg = Debug|Any CPU
		{F823D67F-BE9D-4A8F-9C64-844D5A819996}.Debug|Any CPU.Build.0 = Debug|Any CPU
		{F823D67F-BE9D-4A8F-9C64-844D5A819996}.Release|Any CPU.ActiveCfg = Release|Any CPU
		{F823D67F-BE9D-4A8F-9C64-844D5A819996}.Release|Any CPU.Build.0 = Release|Any CPU
	EndGlobalSection
	GlobalSection(SolutionProperties) = preSolution
		HideSolutionNode = FALSE
	EndGlobalSection
EndGlobal
