
Microsoft Visual Studio Solution File, Format Version 12.00
# Visual Studio 14
VisualStudioVersion = 14.0.25420.1
MinimumVisualStudioVersion = 10.0.40219.1
Project("{FAE04EC0-301F-11D3-BF4B-00C04F79EFBC}") = "EÓN", "practica\EÓN.csproj", "{6FDF3BD8-0F85-44F0-A81D-C38B3D03F806}"
EndProject
Project("{FAE04EC0-301F-11D3-BF4B-00C04F79EFBC}") = "practica.Tests", "practica.Tests\practica.Tests.csproj", "{2B372671-C983-4947-A996-05BF0BC31DC6}"
EndProject
Global
	GlobalSection(SolutionConfigurationPlatforms) = preSolution
		Debug|Any CPU = Debug|Any CPU
		Release|Any CPU = Release|Any CPU
	EndGlobalSection
	GlobalSection(ProjectConfigurationPlatforms) = postSolution
		{6FDF3BD8-0F85-44F0-A81D-C38B3D03F806}.Debug|Any CPU.ActiveCfg = Debug|Any CPU
		{6FDF3BD8-0F85-44F0-A81D-C38B3D03F806}.Debug|Any CPU.Build.0 = Debug|Any CPU
		{6FDF3BD8-0F85-44F0-A81D-C38B3D03F806}.Release|Any CPU.ActiveCfg = Release|Any CPU
		{6FDF3BD8-0F85-44F0-A81D-C38B3D03F806}.Release|Any CPU.Build.0 = Release|Any CPU
		{2B372671-C983-4947-A996-05BF0BC31DC6}.Debug|Any CPU.ActiveCfg = Debug|Any CPU
		{2B372671-C983-4947-A996-05BF0BC31DC6}.Debug|Any CPU.Build.0 = Debug|Any CPU
		{2B372671-C983-4947-A996-05BF0BC31DC6}.Release|Any CPU.ActiveCfg = Release|Any CPU
		{2B372671-C983-4947-A996-05BF0BC31DC6}.Release|Any CPU.Build.0 = Release|Any CPU
	EndGlobalSection
	GlobalSection(SolutionProperties) = preSolution
		HideSolutionNode = FALSE
	EndGlobalSection
EndGlobal
